
Microsoft Visual Studio Solution File, Format Version 12.00
# Visual Studio Version 17
VisualStudioVersion = 17.2.32526.322
MinimumVisualStudioVersion = 10.0.40219.1
Project("{9A19103F-16F7-4668-BE54-9A1E7A4F7556}") = "PSCaseStudy", "PSCaseStudy\PSCaseStudy.csproj", "{3D5ECD06-437E-4ECD-A141-14AA59E23364}"
EndProject
Project("{FAE04EC0-301F-11D3-BF4B-00C04F79EFBC}") = "IntegrationService", "IntegrationService\IntegrationService.csproj", "{E3626B5B-91FA-43D5-BD62-67C42D5BD67F}"
EndProject
Global
	GlobalSection(SolutionConfigurationPlatforms) = preSolution
		Debug|Any CPU = Debug|Any CPU
		Release|Any CPU = Release|Any CPU
	EndGlobalSection
	GlobalSection(ProjectConfigurationPlatforms) = postSolution
		{3D5ECD06-437E-4ECD-A141-14AA59E23364}.Debug|Any CPU.ActiveCfg = Debug|Any CPU
		{3D5ECD06-437E-4ECD-A141-14AA59E23364}.Debug|Any CPU.Build.0 = Debug|Any CPU
		{3D5ECD06-437E-4ECD-A141-14AA59E23364}.Release|Any CPU.ActiveCfg = Release|Any CPU
		{3D5ECD06-437E-4ECD-A141-14AA59E23364}.Release|Any CPU.Build.0 = Release|Any CPU
		{E3626B5B-91FA-43D5-BD62-67C42D5BD67F}.Debug|Any CPU.ActiveCfg = Debug|Any CPU
		{E3626B5B-91FA-43D5-BD62-67C42D5BD67F}.Debug|Any CPU.Build.0 = Debug|Any CPU
		{E3626B5B-91FA-43D5-BD62-67C42D5BD67F}.Release|Any CPU.ActiveCfg = Release|Any CPU
		{E3626B5B-91FA-43D5-BD62-67C42D5BD67F}.Release|Any CPU.Build.0 = Release|Any CPU
	EndGlobalSection
	GlobalSection(SolutionProperties) = preSolution
		HideSolutionNode = FALSE
	EndGlobalSection
	GlobalSection(ExtensibilityGlobals) = postSolution
		SolutionGuid = {B7D8456A-074A-4F71-9907-512988F3C0F9}
	EndGlobalSection
EndGlobal
